
Microsoft Visual Studio Solution File, Format Version 12.00
# Visual Studio 2013
VisualStudioVersion = 12.0.21005.1
MinimumVisualStudioVersion = 10.0.40219.1
Project("{FAE04EC0-301F-11D3-BF4B-00C04F79EFBC}") = "Prism.Shell", "Prism.Shell\Prism.Shell.csproj", "{8FF91A0A-FFE0-4CCD-BAD2-5926DAF40CF5}"
EndProject
Project("{FAE04EC0-301F-11D3-BF4B-00C04F79EFBC}") = "Prism.Infrastructure", "Prism.Infrastructure\Prism.Infrastructure.csproj", "{60241899-A22A-46F0-B922-2A5A716DA030}"
EndProject
Project("{FAE04EC0-301F-11D3-BF4B-00C04F79EFBC}") = "Prism.Part1", "Prism.Part1\Prism.Part1.csproj", "{687EA1AD-9AF4-4287-8340-52AAD1AB686E}"
EndProject
Global
	GlobalSection(SolutionConfigurationPlatforms) = preSolution
		Debug|Any CPU = Debug|Any CPU
		Release|Any CPU = Release|Any CPU
	EndGlobalSection
	GlobalSection(ProjectConfigurationPlatforms) = postSolution
		{8FF91A0A-FFE0-4CCD-BAD2-5926DAF40CF5}.Debug|Any CPU.ActiveCfg = Debug|Any CPU
		{8FF91A0A-FFE0-4CCD-BAD2-5926DAF40CF5}.Debug|Any CPU.Build.0 = Debug|Any CPU
		{8FF91A0A-FFE0-4CCD-BAD2-5926DAF40CF5}.Release|Any CPU.ActiveCfg = Release|Any CPU
		{8FF91A0A-FFE0-4CCD-BAD2-5926DAF40CF5}.Release|Any CPU.Build.0 = Release|Any CPU
		{60241899-A22A-46F0-B922-2A5A716DA030}.Debug|Any CPU.ActiveCfg = Debug|Any CPU
		{60241899-A22A-46F0-B922-2A5A716DA030}.Debug|Any CPU.Build.0 = Debug|Any CPU
		{60241899-A22A-46F0-B922-2A5A716DA030}.Release|Any CPU.ActiveCfg = Release|Any CPU
		{60241899-A22A-46F0-B922-2A5A716DA030}.Release|Any CPU.Build.0 = Release|Any CPU
		{687EA1AD-9AF4-4287-8340-52AAD1AB686E}.Debug|Any CPU.ActiveCfg = Debug|Any CPU
		{687EA1AD-9AF4-4287-8340-52AAD1AB686E}.Debug|Any CPU.Build.0 = Debug|Any CPU
		{687EA1AD-9AF4-4287-8340-52AAD1AB686E}.Release|Any CPU.ActiveCfg = Release|Any CPU
		{687EA1AD-9AF4-4287-8340-52AAD1AB686E}.Release|Any CPU.Build.0 = Release|Any CPU
	EndGlobalSection
	GlobalSection(SolutionProperties) = preSolution
		HideSolutionNode = FALSE
	EndGlobalSection
	GlobalSection(ExtensibilityGlobals) = postSolution
		EnterpriseLibraryConfigurationToolBinariesPath = packages\Unity.2.1.505.2\lib\NET35
	EndGlobalSection
EndGlobal
